
Microsoft Visual Studio Solution File, Format Version 12.00
# Visual Studio Version 17
VisualStudioVersion = 17.0.31903.59
MinimumVisualStudioVersion = 10.0.40219.1
Project("{FAE04EC0-301F-11D3-BF4B-00C04F79EFBC}") = "BlogApp", "BlogApp\BlogApp.csproj", "{FB82041F-39DD-49B7-AF0F-7B0FAE70EFDC}"
EndProject
Global
	GlobalSection(SolutionConfigurationPlatforms) = preSolution
		Debug|Any CPU = Debug|Any CPU
		Release|Any CPU = Release|Any CPU
	EndGlobalSection
	GlobalSection(SolutionProperties) = preSolution
		HideSolutionNode = FALSE
	EndGlobalSection
	GlobalSection(ProjectConfigurationPlatforms) = postSolution
		{FB82041F-39DD-49B7-AF0F-7B0FAE70EFDC}.Debug|Any CPU.ActiveCfg = Debug|Any CPU
		{FB82041F-39DD-49B7-AF0F-7B0FAE70EFDC}.Debug|Any CPU.Build.0 = Debug|Any CPU
		{FB82041F-39DD-49B7-AF0F-7B0FAE70EFDC}.Release|Any CPU.ActiveCfg = Release|Any CPU
		{FB82041F-39DD-49B7-AF0F-7B0FAE70EFDC}.Release|Any CPU.Build.0 = Release|Any CPU
	EndGlobalSection
EndGlobal
